
Microsoft Visual Studio Solution File, Format Version 12.00
# Visual Studio Version 16
VisualStudioVersion = 16.0.30804.86
MinimumVisualStudioVersion = 10.0.40219.1
Project("{FAE04EC0-301F-11D3-BF4B-00C04F79EFBC}") = "IdentifySampleAPI", "IdentifySampleAPI.csproj", "{545C85DD-966F-4A5B-A303-896E617FE017}"
EndProject
Global
	GlobalSection(SolutionConfigurationPlatforms) = preSolution
		Debug|Any CPU = Debug|Any CPU
		Release|Any CPU = Release|Any CPU
	EndGlobalSection
	GlobalSection(ProjectConfigurationPlatforms) = postSolution
		{545C85DD-966F-4A5B-A303-896E617FE017}.Debug|Any CPU.ActiveCfg = Debug|Any CPU
		{545C85DD-966F-4A5B-A303-896E617FE017}.Debug|Any CPU.Build.0 = Debug|Any CPU
		{545C85DD-966F-4A5B-A303-896E617FE017}.Release|Any CPU.ActiveCfg = Release|Any CPU
		{545C85DD-966F-4A5B-A303-896E617FE017}.Release|Any CPU.Build.0 = Release|Any CPU
	EndGlobalSection
	GlobalSection(SolutionProperties) = preSolution
		HideSolutionNode = FALSE
	EndGlobalSection
	GlobalSection(ExtensibilityGlobals) = postSolution
		SolutionGuid = {7F02447D-5DFF-4826-AA1A-545CCC809A58}
	EndGlobalSection
EndGlobal
